<?xml version="1.0" encoding="UTF-8" standalone="yes" ?>
<CodeBlocks_project_file>
	<FileVersion major="1" minor="6" />
	<Project>
		<Option title="UTN-Laboratorio-2" />
		<Option pch_mode="2" />
		<Option compiler="gcc" />
		<Build>
			<Target title="Debug">
				<Option output="bin/Debug/UTN-Laboratorio-2" prefix_auto="1" extension_auto="1" />
				<Option object_output="obj/Debug/" />
				<Option type="1" />
				<Option compiler="gcc" />
				<Compiler>
					<Add option="-g" />
				</Compiler>
			</Target>
			<Target title="Release">
				<Option output="bin/Release/UTN-Laboratorio-2" prefix_auto="1" extension_auto="1" />
				<Option object_output="obj/Release/" />
				<Option type="1" />
				<Option compiler="gcc" />
				<Compiler>
					<Add option="-O2" />
				</Compiler>
				<Linker>
					<Add option="-s" />
				</Linker>
			</Target>
		</Build>
		<Compiler>
			<Add option="-Wall" />
		</Compiler>
		<Unit filename="clase_01/ejercicioResuelto.c">
			<Option compilerVar="CC" />
		</Unit>
		<Unit filename="clase_01/puntero_doble.c">
			<Option compilerVar="CC" />
		</Unit>
		<Unit filename="clase_01/repaso.c">
			<Option compilerVar="CC" />
		</Unit>
		<Unit filename="clase_01/repaso_arreglos.c">
			<Option compilerVar="CC" />
		</Unit>
		<Unit filename="clase_01/repaso_cohesion_acoplamiento.c">
			<Option compilerVar="CC" />
		</Unit>
		<Unit filename="clase_02/ejemplosRecursividad.c">
			<Option compilerVar="CC" />
		</Unit>
		<Unit filename="clase_02/recursividad.c">
			<Option compilerVar="CC" />
		</Unit>
		<Unit filename="clase_03/clase_03_ejercicios_resueltos.c">
			<Option compilerVar="CC" />
		</Unit>
		<Unit filename="clase_04/clase_04.c">
			<Option compilerVar="CC" />
		</Unit>
		<Unit filename="main.c">
			<Option compilerVar="CC" />
		</Unit>
		<Unit filename="tools/tools.c">
			<Option compilerVar="CC" />
		</Unit>
		<Extensions>
			<lib_finder disable_auto="1" />
		</Extensions>
	</Project>
</CodeBlocks_project_file>
